
Microsoft Visual Studio Solution File, Format Version 12.00
# Visual Studio Version 16
VisualStudioVersion = 16.0.29020.237
MinimumVisualStudioVersion = 10.0.40219.1
Project("{2150E333-8FDC-42A3-9474-1A3956D46DE8}") = "5 - Infraestructura", "5 - Infraestructura", "{980AD20E-5447-4305-8842-1E38F69E7007}"
EndProject
Project("{2150E333-8FDC-42A3-9474-1A3956D46DE8}") = "1 - Presentacion", "1 - Presentacion", "{C8204E7A-692C-4FDE-BE1B-8BC25C153DE0}"
EndProject
Project("{2150E333-8FDC-42A3-9474-1A3956D46DE8}") = "4 - Dominio", "4 - Dominio", "{B8029CAE-FEF7-4624-A019-20D93D56A199}"
EndProject
Project("{2150E333-8FDC-42A3-9474-1A3956D46DE8}") = "3 - Servicio", "3 - Servicio", "{0B7AE8C3-E24D-4583-9E0D-8CC4B8F13463}"
EndProject
Project("{2150E333-8FDC-42A3-9474-1A3956D46DE8}") = "2 - Aplicacion", "2 - Aplicacion", "{F7B61D0C-53E2-45E3-A1E3-2163BDB01E3B}"
EndProject
Project("{2150E333-8FDC-42A3-9474-1A3956D46DE8}") = "3.1 - Interfaces", "3.1 - Interfaces", "{AF5D39BB-1DC1-4ED2-A48D-9330893BC68E}"
EndProject
Project("{2150E333-8FDC-42A3-9474-1A3956D46DE8}") = "3.2 - Implementacion", "3.2 - Implementacion", "{2729F5C5-B6BE-4889-AACE-48C57236F8D1}"
EndProject
Project("{9A19103F-16F7-4668-BE54-9A1E7A4F7556}") = "GestionObra.Dominio", "GestionObra.Dominio\GestionObra.Dominio.csproj", "{3FB4472B-F451-42E0-9A2E-5FF02AEE1CED}"
EndProject
Project("{9A19103F-16F7-4668-BE54-9A1E7A4F7556}") = "GestionObra.Infraestructura", "GestionObra.Infraestructura\GestionObra.Infraestructura.csproj", "{6D3B86BF-A4D4-47A9-A982-F0FF1FF0E102}"
EndProject
Project("{9A19103F-16F7-4668-BE54-9A1E7A4F7556}") = "GestionObra.Interfaces", "GestionObra.Interfaces\GestionObra.Interfaces.csproj", "{C9BDBD90-1F33-4540-893F-059D311742E3}"
EndProject
Project("{9A19103F-16F7-4668-BE54-9A1E7A4F7556}") = "GestionObra.Implementacion", "GestionObra.Implementacion\GestionObra.Implementacion.csproj", "{97AB446B-0885-47AF-ACFD-A99B162C3964}"
EndProject
Project("{2150E333-8FDC-42A3-9474-1A3956D46DE8}") = "2.1 - Conexion", "2.1 - Conexion", "{E0806FF2-0B5D-4901-A273-32A6FC79761A}"
EndProject
Project("{9A19103F-16F7-4668-BE54-9A1E7A4F7556}") = "GestionObra.Conexion", "GestionObra.Conexion\GestionObra.Conexion.csproj", "{18E63837-B5F5-4373-B4FC-7D8AB97BD272}"
EndProject
Project("{2150E333-8FDC-42A3-9474-1A3956D46DE8}") = "2.2 - IoC", "2.2 - IoC", "{D97B9662-87B1-4C4D-92A8-D099A98E3C19}"
EndProject
Project("{9A19103F-16F7-4668-BE54-9A1E7A4F7556}") = "GestionObra.IoC", "GestionObra.IoC\GestionObra.IoC.csproj", "{491C91DF-59D6-4476-8159-3B5249A58C8F}"
EndProject
Project("{2150E333-8FDC-42A3-9474-1A3956D46DE8}") = "2.3 - Constantes", "2.3 - Constantes", "{2BFE5B90-D97D-4252-A159-B791D0DA2225}"
EndProject
Project("{9A19103F-16F7-4668-BE54-9A1E7A4F7556}") = "GestionObra.Constantes", "GestionObra.Constantes\GestionObra.Constantes.csproj", "{D37F1EDC-28CB-4E79-8258-2029208F54AF}"
EndProject
Project("{2150E333-8FDC-42A3-9474-1A3956D46DE8}") = "2.5 - Mapper", "2.5 - Mapper", "{4953AAB6-041E-43E4-8CDD-DE5CADCF48AB}"
EndProject
Project("{9A19103F-16F7-4668-BE54-9A1E7A4F7556}") = "MapperProfile", "MapperProfile\MapperProfile.csproj", "{E5DD4469-D881-4C70-9628-DA357966D4D6}"
EndProject
Project("{2150E333-8FDC-42A3-9474-1A3956D46DE8}") = "2.4 - Api", "2.4 - Api", "{B52022BA-1908-47BF-B640-9A7DF9BC55EA}"
EndProject
Project("{9A19103F-16F7-4668-BE54-9A1E7A4F7556}") = "ApiGestionObra", "ApiGestionObra\ApiGestionObra.csproj", "{D0F3988F-9442-489A-A2F5-CF8635293F6E}"
EndProject
Project("{FAE04EC0-301F-11D3-BF4B-00C04F79EFBC}") = "Prueba", "Prueba\Prueba.csproj", "{C9D99CC8-A475-4263-B541-37E9981AFF90}"
EndProject
Global
	GlobalSection(SolutionConfigurationPlatforms) = preSolution
		Debug|Any CPU = Debug|Any CPU
		Release|Any CPU = Release|Any CPU
	EndGlobalSection
	GlobalSection(ProjectConfigurationPlatforms) = postSolution
		{3FB4472B-F451-42E0-9A2E-5FF02AEE1CED}.Debug|Any CPU.ActiveCfg = Debug|Any CPU
		{3FB4472B-F451-42E0-9A2E-5FF02AEE1CED}.Debug|Any CPU.Build.0 = Debug|Any CPU
		{3FB4472B-F451-42E0-9A2E-5FF02AEE1CED}.Release|Any CPU.ActiveCfg = Release|Any CPU
		{3FB4472B-F451-42E0-9A2E-5FF02AEE1CED}.Release|Any CPU.Build.0 = Release|Any CPU
		{6D3B86BF-A4D4-47A9-A982-F0FF1FF0E102}.Debug|Any CPU.ActiveCfg = Debug|Any CPU
		{6D3B86BF-A4D4-47A9-A982-F0FF1FF0E102}.Debug|Any CPU.Build.0 = Debug|Any CPU
		{6D3B86BF-A4D4-47A9-A982-F0FF1FF0E102}.Release|Any CPU.ActiveCfg = Release|Any CPU
		{6D3B86BF-A4D4-47A9-A982-F0FF1FF0E102}.Release|Any CPU.Build.0 = Release|Any CPU
		{C9BDBD90-1F33-4540-893F-059D311742E3}.Debug|Any CPU.ActiveCfg = Debug|Any CPU
		{C9BDBD90-1F33-4540-893F-059D311742E3}.Debug|Any CPU.Build.0 = Debug|Any CPU
		{C9BDBD90-1F33-4540-893F-059D311742E3}.Release|Any CPU.ActiveCfg = Release|Any CPU
		{C9BDBD90-1F33-4540-893F-059D311742E3}.Release|Any CPU.Build.0 = Release|Any CPU
		{97AB446B-0885-47AF-ACFD-A99B162C3964}.Debug|Any CPU.ActiveCfg = Debug|Any CPU
		{97AB446B-0885-47AF-ACFD-A99B162C3964}.Debug|Any CPU.Build.0 = Debug|Any CPU
		{97AB446B-0885-47AF-ACFD-A99B162C3964}.Release|Any CPU.ActiveCfg = Release|Any CPU
		{97AB446B-0885-47AF-ACFD-A99B162C3964}.Release|Any CPU.Build.0 = Release|Any CPU
		{18E63837-B5F5-4373-B4FC-7D8AB97BD272}.Debug|Any CPU.ActiveCfg = Debug|Any CPU
		{18E63837-B5F5-4373-B4FC-7D8AB97BD272}.Debug|Any CPU.Build.0 = Debug|Any CPU
		{18E63837-B5F5-4373-B4FC-7D8AB97BD272}.Release|Any CPU.ActiveCfg = Release|Any CPU
		{18E63837-B5F5-4373-B4FC-7D8AB97BD272}.Release|Any CPU.Build.0 = Release|Any CPU
		{491C91DF-59D6-4476-8159-3B5249A58C8F}.Debug|Any CPU.ActiveCfg = Debug|Any CPU
		{491C91DF-59D6-4476-8159-3B5249A58C8F}.Debug|Any CPU.Build.0 = Debug|Any CPU
		{491C91DF-59D6-4476-8159-3B5249A58C8F}.Release|Any CPU.ActiveCfg = Release|Any CPU
		{491C91DF-59D6-4476-8159-3B5249A58C8F}.Release|Any CPU.Build.0 = Release|Any CPU
		{D37F1EDC-28CB-4E79-8258-2029208F54AF}.Debug|Any CPU.ActiveCfg = Debug|Any CPU
		{D37F1EDC-28CB-4E79-8258-2029208F54AF}.Debug|Any CPU.Build.0 = Debug|Any CPU
		{D37F1EDC-28CB-4E79-8258-2029208F54AF}.Release|Any CPU.ActiveCfg = Release|Any CPU
		{D37F1EDC-28CB-4E79-8258-2029208F54AF}.Release|Any CPU.Build.0 = Release|Any CPU
		{E5DD4469-D881-4C70-9628-DA357966D4D6}.Debug|Any CPU.ActiveCfg = Debug|Any CPU
		{E5DD4469-D881-4C70-9628-DA357966D4D6}.Debug|Any CPU.Build.0 = Debug|Any CPU
		{E5DD4469-D881-4C70-9628-DA357966D4D6}.Release|Any CPU.ActiveCfg = Release|Any CPU
		{E5DD4469-D881-4C70-9628-DA357966D4D6}.Release|Any CPU.Build.0 = Release|Any CPU
		{D0F3988F-9442-489A-A2F5-CF8635293F6E}.Debug|Any CPU.ActiveCfg = Debug|Any CPU
		{D0F3988F-9442-489A-A2F5-CF8635293F6E}.Debug|Any CPU.Build.0 = Debug|Any CPU
		{D0F3988F-9442-489A-A2F5-CF8635293F6E}.Release|Any CPU.ActiveCfg = Release|Any CPU
		{D0F3988F-9442-489A-A2F5-CF8635293F6E}.Release|Any CPU.Build.0 = Release|Any CPU
		{C9D99CC8-A475-4263-B541-37E9981AFF90}.Debug|Any CPU.ActiveCfg = Debug|Any CPU
		{C9D99CC8-A475-4263-B541-37E9981AFF90}.Debug|Any CPU.Build.0 = Debug|Any CPU
		{C9D99CC8-A475-4263-B541-37E9981AFF90}.Release|Any CPU.ActiveCfg = Release|Any CPU
		{C9D99CC8-A475-4263-B541-37E9981AFF90}.Release|Any CPU.Build.0 = Release|Any CPU
	EndGlobalSection
	GlobalSection(SolutionProperties) = preSolution
		HideSolutionNode = FALSE
	EndGlobalSection
	GlobalSection(NestedProjects) = preSolution
		{AF5D39BB-1DC1-4ED2-A48D-9330893BC68E} = {0B7AE8C3-E24D-4583-9E0D-8CC4B8F13463}
		{2729F5C5-B6BE-4889-AACE-48C57236F8D1} = {0B7AE8C3-E24D-4583-9E0D-8CC4B8F13463}
		{3FB4472B-F451-42E0-9A2E-5FF02AEE1CED} = {B8029CAE-FEF7-4624-A019-20D93D56A199}
		{6D3B86BF-A4D4-47A9-A982-F0FF1FF0E102} = {980AD20E-5447-4305-8842-1E38F69E7007}
		{C9BDBD90-1F33-4540-893F-059D311742E3} = {AF5D39BB-1DC1-4ED2-A48D-9330893BC68E}
		{97AB446B-0885-47AF-ACFD-A99B162C3964} = {2729F5C5-B6BE-4889-AACE-48C57236F8D1}
		{E0806FF2-0B5D-4901-A273-32A6FC79761A} = {F7B61D0C-53E2-45E3-A1E3-2163BDB01E3B}
		{18E63837-B5F5-4373-B4FC-7D8AB97BD272} = {E0806FF2-0B5D-4901-A273-32A6FC79761A}
		{D97B9662-87B1-4C4D-92A8-D099A98E3C19} = {F7B61D0C-53E2-45E3-A1E3-2163BDB01E3B}
		{491C91DF-59D6-4476-8159-3B5249A58C8F} = {D97B9662-87B1-4C4D-92A8-D099A98E3C19}
		{2BFE5B90-D97D-4252-A159-B791D0DA2225} = {F7B61D0C-53E2-45E3-A1E3-2163BDB01E3B}
		{D37F1EDC-28CB-4E79-8258-2029208F54AF} = {2BFE5B90-D97D-4252-A159-B791D0DA2225}
		{4953AAB6-041E-43E4-8CDD-DE5CADCF48AB} = {F7B61D0C-53E2-45E3-A1E3-2163BDB01E3B}
		{E5DD4469-D881-4C70-9628-DA357966D4D6} = {4953AAB6-041E-43E4-8CDD-DE5CADCF48AB}
		{B52022BA-1908-47BF-B640-9A7DF9BC55EA} = {F7B61D0C-53E2-45E3-A1E3-2163BDB01E3B}
		{D0F3988F-9442-489A-A2F5-CF8635293F6E} = {B52022BA-1908-47BF-B640-9A7DF9BC55EA}
		{C9D99CC8-A475-4263-B541-37E9981AFF90} = {C8204E7A-692C-4FDE-BE1B-8BC25C153DE0}
	EndGlobalSection
	GlobalSection(ExtensibilityGlobals) = postSolution
		SolutionGuid = {23DEE302-B408-49B5-91A7-38137798E9C8}
	EndGlobalSection
EndGlobal
